{
  "name": "@djockey/linkmapper-typedoc",
  "version": "0.0.1",
  "lockfileVersion": 3,
  "requires": true,
  "packages": {
    "": {
      "name": "@djockey/linkmapper-typedoc",
      "version": "0.0.1",
      "dependencies": {
        "argparse": "^2.0.1",
        "typedoc": "^0.26.6"
      },
      "bin": {
        "linkmapper-typedoc": "index.js"
      },
      "devDependencies": {
        "@types/argparse": "^2.0.16",
        "@types/node": "^22.5.1",
        "typescript": "^5.0.0"
      }
    },
    "node_modules/@shikijs/core": {
      "version": "1.15.2",
      "license": "MIT",
      "dependencies": {
        "@types/hast": "^3.0.4"
      }
    },
    "node_modules/@types/argparse": {
      "version": "2.0.16",
      "dev": true,
      "license": "MIT"
    },
    "node_modules/@types/hast": {
      "version": "3.0.4",
      "license": "MIT",
      "dependencies": {
        "@types/unist": "*"
      }
    },
    "node_modules/@types/node": {
      "version": "22.5.1",
      "dev": true,
      "license": "MIT",
      "dependencies": {
        "undici-types": "~6.19.2"
      }
    },
    "node_modules/@types/unist": {
      "version": "3.0.3",
      "license": "MIT"
    },
    "node_modules/argparse": {
      "version": "2.0.1",
      "license": "Python-2.0"
    },
    "node_modules/balanced-match": {
      "version": "1.0.2",
      "license": "MIT"
    },
    "node_modules/brace-expansion": {
      "version": "2.0.1",
      "license": "MIT",
      "dependencies": {
        "balanced-match": "^1.0.0"
      }
    },
    "node_modules/entities": {
      "version": "4.5.0",
      "license": "BSD-2-Clause",
      "engines": {
        "node": ">=0.12"
      },
      "funding": {
        "url": "https://github.com/fb55/entities?sponsor=1"
      }
    },
    "node_modules/linkify-it": {
      "version": "5.0.0",
      "license": "MIT",
      "dependencies": {
        "uc.micro": "^2.0.0"
      }
    },
    "node_modules/lunr": {
      "version": "2.3.9",
      "license": "MIT"
    },
    "node_modules/markdown-it": {
      "version": "14.1.0",
      "license": "MIT",
      "dependencies": {
        "argparse": "^2.0.1",
        "entities": "^4.4.0",
        "linkify-it": "^5.0.0",
        "mdurl": "^2.0.0",
        "punycode.js": "^2.3.1",
        "uc.micro": "^2.1.0"
      },
      "bin": {
        "markdown-it": "bin/markdown-it.mjs"
      }
    },
    "node_modules/mdurl": {
      "version": "2.0.0",
      "license": "MIT"
    },
    "node_modules/minimatch": {
      "version": "9.0.5",
      "license": "ISC",
      "dependencies": {
        "brace-expansion": "^2.0.1"
      },
      "engines": {
        "node": ">=16 || 14 >=14.17"
      },
      "funding": {
        "url": "https://github.com/sponsors/isaacs"
      }
    },
    "node_modules/punycode.js": {
      "version": "2.3.1",
      "license": "MIT",
      "engines": {
        "node": ">=6"
      }
    },
    "node_modules/shiki": {
      "version": "1.15.2",
      "license": "MIT",
      "dependencies": {
        "@shikijs/core": "1.15.2",
        "@types/hast": "^3.0.4"
      }
    },
    "node_modules/typedoc": {
      "version": "0.26.6",
      "resolved": "https://registry.npmjs.org/typedoc/-/typedoc-0.26.6.tgz",
      "integrity": "sha512-SfEU3SH3wHNaxhFPjaZE2kNl/NFtLNW5c1oHsg7mti7GjmUj1Roq6osBQeMd+F4kL0BoRBBr8gQAuqBlfFu8LA==",
      "dependencies": {
        "lunr": "^2.3.9",
        "markdown-it": "^14.1.0",
        "minimatch": "^9.0.5",
        "shiki": "^1.9.1",
        "yaml": "^2.4.5"
      },
      "bin": {
        "typedoc": "bin/typedoc"
      },
      "engines": {
        "node": ">= 18"
      },
      "peerDependencies": {
        "typescript": "4.6.x || 4.7.x || 4.8.x || 4.9.x || 5.0.x || 5.1.x || 5.2.x || 5.3.x || 5.4.x || 5.5.x"
      }
    },
    "node_modules/typescript": {
      "version": "5.5.4",
      "license": "Apache-2.0",
      "bin": {
        "tsc": "bin/tsc",
        "tsserver": "bin/tsserver"
      },
      "engines": {
        "node": ">=14.17"
      }
    },
    "node_modules/uc.micro": {
      "version": "2.1.0",
      "license": "MIT"
    },
    "node_modules/undici-types": {
      "version": "6.19.8",
      "dev": true,
      "license": "MIT"
    },
    "node_modules/yaml": {
      "version": "2.5.0",
      "license": "ISC",
      "bin": {
        "yaml": "bin.mjs"
      },
      "engines": {
        "node": ">= 14"
      }
    }
  }
}
